<?xml version="1.0" encoding="utf-8"?>
<Project ToolsVersion="4.0" xmlns="http://schemas.microsoft.com/developer/msbuild/2003">
  <ItemGroup>
    <Filter Include="File di origine">
      <UniqueIdentifier>{4FC737F1-C7A5-4376-A066-2A32D752A2FF}</UniqueIdentifier>
      <Extensions>cpp;c;cc;cxx;c++;cppm;ixx;def;odl;idl;hpj;bat;asm;asmx</Extensions>
    </Filter>
    <Filter Include="File di intestazione">
      <UniqueIdentifier>{93995380-89BD-4b04-88EB-625FBE52EBFB}</UniqueIdentifier>
      <Extensions>h;hh;hpp;hxx;h++;hm;inl;inc;ipp;xsd</Extensions>
    </Filter>
    <Filter Include="File di risorse">
      <UniqueIdentifier>{67DA6AB6-F800-4c08-8B7A-83BB121AAD01}</UniqueIdentifier>
      <Extensions>rc;ico;cur;bmp;dlg;rc2;rct;bin;rgs;gif;jpg;jpeg;jpe;resx;tiff;tif;png;wav;mfcribbon-ms</Extensions>
    </Filter>
  </ItemGroup>
  <ItemGroup>
    <ClCompile Include="src\stb.cpp">
      <Filter>File di origine</Filter>
    </ClCompile>
    <ClCompile Include="src\glad.c">
      <Filter>File di origine</Filter>
    </ClCompile>
    <ClCompile Include="src\VAO.cpp">
      <Filter>File di origine</Filter>
    </ClCompile>
    <ClCompile Include="src\VBO.cpp">
      <Filter>File di origine</Filter>
    </ClCompile>
    <ClCompile Include="src\EBO.cpp">
      <Filter>File di origine</Filter>
    </ClCompile>
    <ClCompile Include="src\Bone.cpp">
      <Filter>File di origine</Filter>
    </ClCompile>
    <ClCompile Include="src\Animation.cpp">
      <Filter>File di origine</Filter>
    </ClCompile>
    <ClCompile Include="src\Animator.cpp">
      <Filter>File di origine</Filter>
    </ClCompile>
    <ClCompile Include="src\Renderer.cpp">
      <Filter>File di origine</Filter>
    </ClCompile>
    <ClCompile Include="src\Shader.cpp">
      <Filter>File di origine</Filter>
    </ClCompile>
    <ClCompile Include="src\Model.cpp">
      <Filter>File di origine</Filter>
    </ClCompile>
    <ClCompile Include="src\Mesh.cpp">
      <Filter>File di origine</Filter>
    </ClCompile>
    <ClCompile Include="src\TextureManager.cpp">
      <Filter>File di origine</Filter>
    </ClCompile>
    <ClCompile Include="src\Main.cpp">
      <Filter>File di origine</Filter>
    </ClCompile>
    <ClCompile Include="src\Camera.cpp">
      <Filter>File di origine</Filter>
    </ClCompile>
    <ClCompile Include="src\StatusManager.cpp">
      <Filter>File di origine</Filter>
    </ClCompile>
  </ItemGroup>
  <ItemGroup>
    <ClInclude Include="Libraries\include\reskinner\VAO.h">
      <Filter>File di intestazione</Filter>
    </ClInclude>
    <ClInclude Include="Libraries\include\reskinner\VBO.h">
      <Filter>File di intestazione</Filter>
    </ClInclude>
    <ClInclude Include="Libraries\include\reskinner\Vertex.h">
      <Filter>File di intestazione</Filter>
    </ClInclude>
    <ClInclude Include="Libraries\include\reskinner\EBO.h">
      <Filter>File di intestazione</Filter>
    </ClInclude>
    <ClInclude Include="Libraries\include\reskinner\VertexBoneData.h">
      <Filter>File di intestazione</Filter>
    </ClInclude>
    <ClInclude Include="Libraries\include\reskinner\Shader.h">
      <Filter>File di intestazione</Filter>
    </ClInclude>
    <ClInclude Include="Libraries\include\reskinner\Texture.h">
      <Filter>File di intestazione</Filter>
    </ClInclude>
    <ClInclude Include="Libraries\include\reskinner\Face.h">
      <Filter>File di intestazione</Filter>
    </ClInclude>
    <ClInclude Include="Libraries\include\reskinner\AssimpGLMHelpers.h">
      <Filter>File di intestazione</Filter>
    </ClInclude>
    <ClInclude Include="Libraries\include\reskinner\TextureManager.h">
      <Filter>File di intestazione</Filter>
    </ClInclude>
    <ClInclude Include="Libraries\include\reskinner\Renderer.h">
      <Filter>File di intestazione</Filter>
    </ClInclude>
    <ClInclude Include="Libraries\include\reskinner\Mesh.h">
      <Filter>File di intestazione</Filter>
    </ClInclude>
    <ClInclude Include="Libraries\include\reskinner\BoneInfo.h">
      <Filter>File di intestazione</Filter>
    </ClInclude>
    <ClInclude Include="Libraries\include\reskinner\Bone.h">
      <Filter>File di intestazione</Filter>
    </ClInclude>
    <ClInclude Include="Libraries\include\reskinner\Animation.h">
      <Filter>File di intestazione</Filter>
    </ClInclude>
    <ClInclude Include="Libraries\include\reskinner\Animator.h">
      <Filter>File di intestazione</Filter>
    </ClInclude>
    <ClInclude Include="Libraries\include\reskinner\Model.h">
      <Filter>File di intestazione</Filter>
    </ClInclude>
    <ClInclude Include="Libraries\include\reskinner\Camera.h">
      <Filter>File di intestazione</Filter>
    </ClInclude>
    <ClInclude Include="Libraries\include\reskinner\StatusManager.h">
      <Filter>File di intestazione</Filter>
    </ClInclude>
  </ItemGroup>
</Project>